{
  "name": "extension-boilerplate",
  "version": "0.0.2",
  "lockfileVersion": 1,
  "requires": true,
  "dependencies": {
    "babel-core": {
      "version": "6.25.0",
      "resolved": "https://registry.npmjs.org/babel-core/-/babel-core-6.25.0.tgz",
      "integrity": "sha1-fdQrBGPHQunVKW3rPsZ6kyLa1yk=",
      "dev": true
    },
    "babel-preset-es2015": {
      "version": "6.24.1",
      "resolved": "https://registry.npmjs.org/babel-preset-es2015/-/babel-preset-es2015-6.24.1.tgz",
      "integrity": "sha1-1EBQ1rwsn+6nAqrzjXJ6AhBTiTk=",
      "dev": true
    },
    "babelify": {
      "version": "7.3.0",
      "resolved": "https://registry.npmjs.org/babelify/-/babelify-7.3.0.tgz",
      "integrity": "sha1-qlau3nBn/XvVSWZu4W3ChQh+iOU=",
      "dev": true
    },
    "browserify": {
      "version": "14.4.0",
      "resolved": "https://registry.npmjs.org/browserify/-/browserify-14.4.0.tgz",
      "integrity": "sha1-CJo0Y69Y0OSNjNQHCz90ZU1avKk=",
      "dev": true
    },
    "cross-env": {
      "version": "3.2.4",
      "resolved": "https://registry.npmjs.org/cross-env/-/cross-env-3.2.4.tgz",
      "integrity": "sha1-ngWF8neGTtQhznVvgamA/w1piro=",
      "dev": true
    },
    "event-stream": {
      "version": "3.3.4",
      "resolved": "https://registry.npmjs.org/event-stream/-/event-stream-3.3.4.tgz",
      "integrity": "sha1-SrTJoPWlTbkzi0w02Gv86PSzVXE=",
      "dev": true
    },
    "gulp": {
      "version": "3.9.1",
      "resolved": "https://registry.npmjs.org/gulp/-/gulp-3.9.1.tgz",
      "integrity": "sha1-VxzkWSjdQK9lFPxAEYZgFsE4RbQ=",
      "dev": true,
      "dependencies": {
        "minimist": {
          "version": "1.2.0",
          "resolved": "https://registry.npmjs.org/minimist/-/minimist-1.2.0.tgz",
          "integrity": "sha1-o1AIsg9BOD7sH7kU9M1d95omQoQ="
        }
      }
    },
    "gulp-babel": {
      "version": "6.1.2",
      "resolved": "https://registry.npmjs.org/gulp-babel/-/gulp-babel-6.1.2.tgz",
      "integrity": "sha1-fAF25Lo/JExgWIoMSzIKRdGt784=",
      "dev": true
    },
    "gulp-clean": {
      "version": "0.3.2",
      "resolved": "https://registry.npmjs.org/gulp-clean/-/gulp-clean-0.3.2.tgz",
      "integrity": "sha1-o0fUc6zqQBgvk1WHpFGUFnGSgQI=",
      "dev": true,
      "dependencies": {
        "ansi-regex": {
          "version": "0.2.1",
          "resolved": "https://registry.npmjs.org/ansi-regex/-/ansi-regex-0.2.1.tgz",
          "integrity": "sha1-DY6UaWej2BQ/k+JOKYUl/BsiNfk="
        },
        "ansi-styles": {
          "version": "1.1.0",
          "resolved": "https://registry.npmjs.org/ansi-styles/-/ansi-styles-1.1.0.tgz",
          "integrity": "sha1-6uy/Zs1waIJ2Cy9GkVgrj1XXp94="
        },
        "chalk": {
          "version": "0.5.1",
          "resolved": "https://registry.npmjs.org/chalk/-/chalk-0.5.1.tgz",
          "integrity": "sha1-Zjs6ZItotV0EaQ1JFnqoN4WPIXQ="
        },
        "dateformat": {
          "version": "1.0.12",
          "resolved": "https://registry.npmjs.org/dateformat/-/dateformat-1.0.12.tgz",
          "integrity": "sha1-nxJLZ1lMk3/3BpMuSmQsyo27/uk="
        },
        "gulp-util": {
          "version": "2.2.20",
          "resolved": "https://registry.npmjs.org/gulp-util/-/gulp-util-2.2.20.tgz",
          "integrity": "sha1-1xRuVyiRC9jwR6awseVJvCLb1kw=",
          "dependencies": {
            "through2": {
              "version": "0.5.1",
              "resolved": "https://registry.npmjs.org/through2/-/through2-0.5.1.tgz",
              "integrity": "sha1-390BLrnHAOIyP9M084rGIqs3Lac="
            }
          }
        },
        "has-ansi": {
          "version": "0.1.0",
          "resolved": "https://registry.npmjs.org/has-ansi/-/has-ansi-0.1.0.tgz",
          "integrity": "sha1-hPJlqujA5qiKEtcCKJS3VoiUxi4="
        },
        "isarray": {
          "version": "0.0.1",
          "resolved": "https://registry.npmjs.org/isarray/-/isarray-0.0.1.tgz",
          "integrity": "sha1-ihis/Kmo9Bd+Cav8YDiTmwXR7t8="
        },
        "lodash._reinterpolate": {
          "version": "2.4.1",
          "resolved": "https://registry.npmjs.org/lodash._reinterpolate/-/lodash._reinterpolate-2.4.1.tgz",
          "integrity": "sha1-TxInqlqHEfxjL1sHofRgequLMiI="
        },
        "lodash.escape": {
          "version": "2.4.1",
          "resolved": "https://registry.npmjs.org/lodash.escape/-/lodash.escape-2.4.1.tgz",
          "integrity": "sha1-LOEsXghNsKV92l5dHu659dF1o7Q="
        },
        "lodash.keys": {
          "version": "2.4.1",
          "resolved": "https://registry.npmjs.org/lodash.keys/-/lodash.keys-2.4.1.tgz",
          "integrity": "sha1-SN6kbfj/djKxDXBrissmWR4rNyc="
        },
        "lodash.template": {
          "version": "2.4.1",
          "resolved": "https://registry.npmjs.org/lodash.template/-/lodash.template-2.4.1.tgz",
          "integrity": "sha1-nmEQB+32KRKal0qzxIuBez4c8g0="
        },
        "lodash.templatesettings": {
          "version": "2.4.1",
          "resolved": "https://registry.npmjs.org/lodash.templatesettings/-/lodash.templatesettings-2.4.1.tgz",
          "integrity": "sha1-6nbHXRHrhtTb6JqDiTu4YZKaxpk="
        },
        "minimist": {
          "version": "0.2.0",
          "resolved": "https://registry.npmjs.org/minimist/-/minimist-0.2.0.tgz",
          "integrity": "sha1-Tf/lJdriuGTGbC4jxicdev3s784="
        },
        "readable-stream": {
          "version": "1.0.34",
          "resolved": "https://registry.npmjs.org/readable-stream/-/readable-stream-1.0.34.tgz",
          "integrity": "sha1-Elgg40vIQtLyqq+v5MKRbuMsFXw="
        },
        "string_decoder": {
          "version": "0.10.31",
          "resolved": "https://registry.npmjs.org/string_decoder/-/string_decoder-0.10.31.tgz",
          "integrity": "sha1-YuIDvEF2bGwoyfyEMB2rHFMQ+pQ="
        },
        "strip-ansi": {
          "version": "0.3.0",
          "resolved": "https://registry.npmjs.org/strip-ansi/-/strip-ansi-0.3.0.tgz",
          "integrity": "sha1-JfSOoiynkYfzF0pNuHWTR7sSYiA="
        },
        "supports-color": {
          "version": "0.2.0",
          "resolved": "https://registry.npmjs.org/supports-color/-/supports-color-0.2.0.tgz",
          "integrity": "sha1-2S3iaU6z9nMjlz1649i1W0wiGQo="
        },
        "through2": {
          "version": "0.4.2",
          "resolved": "https://registry.npmjs.org/through2/-/through2-0.4.2.tgz",
          "integrity": "sha1-2/WGYDEVHsg1K7bE22SiKSqEC5s=",
          "dependencies": {
            "xtend": {
              "version": "2.1.2",
              "resolved": "https://registry.npmjs.org/xtend/-/xtend-2.1.2.tgz",
              "integrity": "sha1-bv7MKk2tjmlixJAbM3znuoe10os="
            }
          }
        },
        "vinyl": {
          "version": "0.2.3",
          "resolved": "https://registry.npmjs.org/vinyl/-/vinyl-0.2.3.tgz",
          "integrity": "sha1-vKk4IJWC7FpJrVOKAPofEl5RMlI="
        },
        "xtend": {
          "version": "3.0.0",
          "resolved": "https://registry.npmjs.org/xtend/-/xtend-3.0.0.tgz",
          "integrity": "sha1-XM50B7r2Qsunvs2laBEcST9ZZlo="
        }
      }
    },
    "gulp-eslint": {
      "version": "2.1.0",
      "resolved": "https://registry.npmjs.org/gulp-eslint/-/gulp-eslint-2.1.0.tgz",
      "integrity": "sha1-P9X+C3I2ZR8VuNS/sUB8O3TQE2w=",
      "dev": true
    },
    "gulp-if": {
      "version": "2.0.2",
      "resolved": "https://registry.npmjs.org/gulp-if/-/gulp-if-2.0.2.tgz",
      "integrity": "sha1-pJe351cwBQQcqivIt92jyARE1ik=",
      "dev": true
    },
    "gulp-livereload": {
      "version": "3.8.1",
      "resolved": "https://registry.npmjs.org/gulp-livereload/-/gulp-livereload-3.8.1.tgz",
      "integrity": "sha1-APdEstdJ0+njdGWJyKRKysd5tQ8=",
      "dev": true,
      "dependencies": {
        "ansi-regex": {
          "version": "0.2.1",
          "resolved": "https://registry.npmjs.org/ansi-regex/-/ansi-regex-0.2.1.tgz",
          "integrity": "sha1-DY6UaWej2BQ/k+JOKYUl/BsiNfk="
        },
        "ansi-styles": {
          "version": "1.1.0",
          "resolved": "https://registry.npmjs.org/ansi-styles/-/ansi-styles-1.1.0.tgz",
          "integrity": "sha1-6uy/Zs1waIJ2Cy9GkVgrj1XXp94="
        },
        "chalk": {
          "version": "0.5.1",
          "resolved": "https://registry.npmjs.org/chalk/-/chalk-0.5.1.tgz",
          "integrity": "sha1-Zjs6ZItotV0EaQ1JFnqoN4WPIXQ="
        },
        "has-ansi": {
          "version": "0.1.0",
          "resolved": "https://registry.npmjs.org/has-ansi/-/has-ansi-0.1.0.tgz",
          "integrity": "sha1-hPJlqujA5qiKEtcCKJS3VoiUxi4="
        },
        "strip-ansi": {
          "version": "0.3.0",
          "resolved": "https://registry.npmjs.org/strip-ansi/-/strip-ansi-0.3.0.tgz",
          "integrity": "sha1-JfSOoiynkYfzF0pNuHWTR7sSYiA="
        },
        "supports-color": {
          "version": "0.2.0",
          "resolved": "https://registry.npmjs.org/supports-color/-/supports-color-0.2.0.tgz",
          "integrity": "sha1-2S3iaU6z9nMjlz1649i1W0wiGQo="
        }
      }
    },
    "gulp-load-plugins": {
      "version": "0.5.3",
      "resolved": "https://registry.npmjs.org/gulp-load-plugins/-/gulp-load-plugins-0.5.3.tgz",
      "integrity": "sha1-Ly98410La/Gy1Vkh0N52ydkY01w=",
      "dev": true,
      "dependencies": {
        "findup-sync": {
          "version": "0.1.3",
          "resolved": "https://registry.npmjs.org/findup-sync/-/findup-sync-0.1.3.tgz",
          "integrity": "sha1-fz56l7gjksZTvwZYm9hRkOk8NoM="
        },
        "glob": {
          "version": "3.2.11",
          "resolved": "https://registry.npmjs.org/glob/-/glob-3.2.11.tgz",
          "integrity": "sha1-Spc/Y1uRkPcV0QmH1cAP0oFevj0="
        },
        "lodash": {
          "version": "2.4.2",
          "resolved": "https://registry.npmjs.org/lodash/-/lodash-2.4.2.tgz",
          "integrity": "sha1-+t2DS5aDBz2hebPq5tnA0VBT9z4="
        },
        "lru-cache": {
          "version": "2.7.3",
          "resolved": "https://registry.npmjs.org/lru-cache/-/lru-cache-2.7.3.tgz",
          "integrity": "sha1-bUUk6LlV+V1PW1iFHOId1y+06VI="
        },
        "minimatch": {
          "version": "0.3.0",
          "resolved": "https://registry.npmjs.org/minimatch/-/minimatch-0.3.0.tgz",
          "integrity": "sha1-J12O2qxPG7MyZHIInnlJyDlGmd0="
        }
      }
    },
    "gulp-merge-json": {
      "version": "1.0.0",
      "resolved": "https://registry.npmjs.org/gulp-merge-json/-/gulp-merge-json-1.0.0.tgz",
      "integrity": "sha1-itcxlxC2Qv+b5A4EILiXjeU+DnM=",
      "dev": true
    },
    "gulp-plumber": {
      "version": "1.1.0",
      "resolved": "https://registry.npmjs.org/gulp-plumber/-/gulp-plumber-1.1.0.tgz",
      "integrity": "sha1-8SF2wtBCL2AwbCQv/2oBo5T6ugk=",
      "dev": true
    },
    "gulp-rename": {
      "version": "1.2.2",
      "resolved": "https://registry.npmjs.org/gulp-rename/-/gulp-rename-1.2.2.tgz",
      "integrity": "sha1-OtRCh2PwXidk3sHGfYaNsnVoeBc=",
      "dev": true
    },
    "gulp-run-sequence": {
      "version": "0.3.2",
      "resolved": "https://registry.npmjs.org/gulp-run-sequence/-/gulp-run-sequence-0.3.2.tgz",
      "integrity": "sha1-VBmYBOKKTyhpkpa0ye9LvrBwEzI=",
      "dev": true
    },
    "gulp-sass": {
      "version": "2.3.2",
      "resolved": "https://registry.npmjs.org/gulp-sass/-/gulp-sass-2.3.2.tgz",
      "integrity": "sha1-grerkP6QLNw0wE8YDZLyw0kC3VI=",
      "dev": true
    },
    "gulp-sourcemaps": {
      "version": "1.12.0",
      "resolved": "https://registry.npmjs.org/gulp-sourcemaps/-/gulp-sourcemaps-1.12.0.tgz",
      "integrity": "sha1-eG+XyUoPloSSRl1wVY4EJCxnlZg=",
      "dev": true,
      "dependencies": {
        "graceful-fs": {
          "version": "4.1.11",
          "resolved": "https://registry.npmjs.org/graceful-fs/-/graceful-fs-4.1.11.tgz",
          "integrity": "sha1-Dovf5NHduIVNZOBOp8AOKgJuVlg="
        },
        "strip-bom": {
          "version": "2.0.0",
          "resolved": "https://registry.npmjs.org/strip-bom/-/strip-bom-2.0.0.tgz",
          "integrity": "sha1-YhmoVhZSBJHzV4i9vxRHqZx+aw4="
        },
        "vinyl": {
          "version": "1.2.0",
          "resolved": "https://registry.npmjs.org/vinyl/-/vinyl-1.2.0.tgz",
          "integrity": "sha1-XIgDbPVl5d8FVYv8kR+GVt8hiIQ="
        }
      }
    },
    "gulp-uglify": {
      "version": "1.5.4",
      "resolved": "https://registry.npmjs.org/gulp-uglify/-/gulp-uglify-1.5.4.tgz",
      "integrity": "sha1-UkeI2HZm0J+dDCH7IXf5ADmmWMk=",
      "dev": true
    },
    "gulp-zip": {
      "version": "2.0.3",
      "resolved": "https://registry.npmjs.org/gulp-zip/-/gulp-zip-2.0.3.tgz",
      "integrity": "sha1-iO8RbT8VvSCvzqyQFl0fxj88bh8=",
      "dev": true,
      "dependencies": {
        "isarray": {
          "version": "0.0.1",
          "resolved": "https://registry.npmjs.org/isarray/-/isarray-0.0.1.tgz",
          "integrity": "sha1-ihis/Kmo9Bd+Cav8YDiTmwXR7t8="
        },
        "readable-stream": {
          "version": "1.0.34",
          "resolved": "https://registry.npmjs.org/readable-stream/-/readable-stream-1.0.34.tgz",
          "integrity": "sha1-Elgg40vIQtLyqq+v5MKRbuMsFXw="
        },
        "string_decoder": {
          "version": "0.10.31",
          "resolved": "https://registry.npmjs.org/string_decoder/-/string_decoder-0.10.31.tgz",
          "integrity": "sha1-YuIDvEF2bGwoyfyEMB2rHFMQ+pQ="
        },
        "through2": {
          "version": "0.6.5",
          "resolved": "https://registry.npmjs.org/through2/-/through2-0.6.5.tgz",
          "integrity": "sha1-QaucZ7KdVyCQcUEOHXp6lozTrUg="
        }
      }
    },
    "preprocessify": {
      "version": "1.0.1",
      "resolved": "https://registry.npmjs.org/preprocessify/-/preprocessify-1.0.1.tgz",
      "integrity": "sha1-Zv16H5tBz2wLHYSEjf/1u2fEuKE=",
      "dev": true
    },
    "vinyl-buffer": {
      "version": "1.0.0",
      "resolved": "https://registry.npmjs.org/vinyl-buffer/-/vinyl-buffer-1.0.0.tgz",
      "integrity": "sha1-ygZ+oIQx1QdyKx3lCD9gJhbrwjQ=",
      "dev": true,
      "dependencies": {
        "isarray": {
          "version": "0.0.1",
          "resolved": "https://registry.npmjs.org/isarray/-/isarray-0.0.1.tgz",
          "integrity": "sha1-ihis/Kmo9Bd+Cav8YDiTmwXR7t8="
        },
        "readable-stream": {
          "version": "1.0.34",
          "resolved": "https://registry.npmjs.org/readable-stream/-/readable-stream-1.0.34.tgz",
          "integrity": "sha1-Elgg40vIQtLyqq+v5MKRbuMsFXw="
        },
        "string_decoder": {
          "version": "0.10.31",
          "resolved": "https://registry.npmjs.org/string_decoder/-/string_decoder-0.10.31.tgz",
          "integrity": "sha1-YuIDvEF2bGwoyfyEMB2rHFMQ+pQ="
        },
        "through2": {
          "version": "0.6.5",
          "resolved": "https://registry.npmjs.org/through2/-/through2-0.6.5.tgz",
          "integrity": "sha1-QaucZ7KdVyCQcUEOHXp6lozTrUg="
        }
      }
    },
    "vinyl-source-stream": {
      "version": "1.1.0",
      "resolved": "https://registry.npmjs.org/vinyl-source-stream/-/vinyl-source-stream-1.1.0.tgz",
      "integrity": "sha1-RMvlEIIFJ53rDFZTwJSiiHk4sas=",
      "dev": true,
      "dependencies": {
        "clone": {
          "version": "0.2.0",
          "resolved": "https://registry.npmjs.org/clone/-/clone-0.2.0.tgz",
          "integrity": "sha1-xhJqkK1Pctv1rNskPMN3JP6T/B8="
        },
        "isarray": {
          "version": "0.0.1",
          "resolved": "https://registry.npmjs.org/isarray/-/isarray-0.0.1.tgz",
          "integrity": "sha1-ihis/Kmo9Bd+Cav8YDiTmwXR7t8="
        },
        "readable-stream": {
          "version": "1.0.34",
          "resolved": "https://registry.npmjs.org/readable-stream/-/readable-stream-1.0.34.tgz",
          "integrity": "sha1-Elgg40vIQtLyqq+v5MKRbuMsFXw="
        },
        "string_decoder": {
          "version": "0.10.31",
          "resolved": "https://registry.npmjs.org/string_decoder/-/string_decoder-0.10.31.tgz",
          "integrity": "sha1-YuIDvEF2bGwoyfyEMB2rHFMQ+pQ="
        },
        "through2": {
          "version": "0.6.5",
          "resolved": "https://registry.npmjs.org/through2/-/through2-0.6.5.tgz",
          "integrity": "sha1-QaucZ7KdVyCQcUEOHXp6lozTrUg="
        },
        "vinyl": {
          "version": "0.4.6",
          "resolved": "https://registry.npmjs.org/vinyl/-/vinyl-0.4.6.tgz",
          "integrity": "sha1-LzVsh6VQolVGHza76ypbqL94SEc="
        }
      }
    }
  }
}
